// !$*UTF8*$!
{
	archiveVersion = 1;
	classes = {
	};
	objectVersion = 50;
	objects = {

/* Begin PBXBuildFile section */
		3F65AD6D21C279600031381A /* AppDelegate.swift in Sources */ = {isa = PBXBuildFile; fileRef = 3F65AD6C21C279600031381A /* AppDelegate.swift */; };
		3F65AD6F21C279600031381A /* ViewController.swift in Sources */ = {isa = PBXBuildFile; fileRef = 3F65AD6E21C279600031381A /* ViewController.swift */; };
		3F65AD7221C279600031381A /* Main.storyboard in Resources */ = {isa = PBXBuildFile; fileRef = 3F65AD7021C279600031381A /* Main.storyboard */; };
		3F65AD7421C279610031381A /* Assets.xcassets in Resources */ = {isa = PBXBuildFile; fileRef = 3F65AD7321C279610031381A /* Assets.xcassets */; };
		3F65AD7721C279610031381A /* LaunchScreen.storyboard in Resources */ = {isa = PBXBuildFile; fileRef = 3F65AD7521C279610031381A /* LaunchScreen.storyboard */; };
		3F65AD8321C27D020031381A /* SQLTable.swift in Sources */ = {isa = PBXBuildFile; fileRef = 3F65AD7F21C27D020031381A /* SQLTable.swift */; };
		3F65AD8421C27D020031381A /* SQLiteDB.swift in Sources */ = {isa = PBXBuildFile; fileRef = 3F65AD8021C27D020031381A /* SQLiteDB.swift */; };
		3F65AD8521C27D020031381A /* SQLiteBase.swift in Sources */ = {isa = PBXBuildFile; fileRef = 3F65AD8121C27D020031381A /* SQLiteBase.swift */; };
		3F65AD8621C27D020031381A /* CloudDB.swift in Sources */ = {isa = PBXBuildFile; fileRef = 3F65AD8221C27D020031381A /* CloudDB.swift */; };
		3F65AD8E21C285850031381A /* data.db in Resources */ = {isa = PBXBuildFile; fileRef = 3F65AD8D21C285850031381A /* data.db */; };
/* End PBXBuildFile section */

/* Begin PBXFileReference section */
		3F65AD6921C279600031381A /* Sqlite.app */ = {isa = PBXFileReference; explicitFileType = wrapper.application; includeInIndex = 0; path = Sqlite.app; sourceTree = BUILT_PRODUCTS_DIR; };
		3F65AD6C21C279600031381A /* AppDelegate.swift */ = {isa = PBXFileReference; lastKnownFileType = sourcecode.swift; path = AppDelegate.swift; sourceTree = "<group>"; };
		3F65AD6E21C279600031381A /* ViewController.swift */ = {isa = PBXFileReference; lastKnownFileType = sourcecode.swift; path = ViewController.swift; sourceTree = "<group>"; };
		3F65AD7121C279600031381A /* Base */ = {isa = PBXFileReference; lastKnownFileType = file.storyboard; name = Base; path = Base.lproj/Main.storyboard; sourceTree = "<group>"; };
		3F65AD7321C279610031381A /* Assets.xcassets */ = {isa = PBXFileReference; lastKnownFileType = folder.assetcatalog; path = Assets.xcassets; sourceTree = "<group>"; };
		3F65AD7621C279610031381A /* Base */ = {isa = PBXFileReference; lastKnownFileType = file.storyboard; name = Base; path = Base.lproj/LaunchScreen.storyboard; sourceTree = "<group>"; };
		3F65AD7821C279610031381A /* Info.plist */ = {isa = PBXFileReference; lastKnownFileType = text.plist.xml; path = Info.plist; sourceTree = "<group>"; };
		3F65AD7E21C27D020031381A /* Bridging-Header.h */ = {isa = PBXFileReference; fileEncoding = 4; lastKnownFileType = sourcecode.c.h; path = "Bridging-Header.h"; sourceTree = "<group>"; };
		3F65AD7F21C27D020031381A /* SQLTable.swift */ = {isa = PBXFileReference; fileEncoding = 4; lastKnownFileType = sourcecode.swift; path = SQLTable.swift; sourceTree = "<group>"; };
		3F65AD8021C27D020031381A /* SQLiteDB.swift */ = {isa = PBXFileReference; fileEncoding = 4; lastKnownFileType = sourcecode.swift; path = SQLiteDB.swift; sourceTree = "<group>"; };
		3F65AD8121C27D020031381A /* SQLiteBase.swift */ = {isa = PBXFileReference; fileEncoding = 4; lastKnownFileType = sourcecode.swift; path = SQLiteBase.swift; sourceTree = "<group>"; };
		3F65AD8221C27D020031381A /* CloudDB.swift */ = {isa = PBXFileReference; fileEncoding = 4; lastKnownFileType = sourcecode.swift; path = CloudDB.swift; sourceTree = "<group>"; };
		3F65AD8D21C285850031381A /* data.db */ = {isa = PBXFileReference; fileEncoding = 4; lastKnownFileType = text; path = data.db; sourceTree = "<group>"; };
/* End PBXFileReference section */

/* Begin PBXFrameworksBuildPhase section */
		3F65AD6621C279600031381A /* Frameworks */ = {
			isa = PBXFrameworksBuildPhase;
			buildActionMask = 2147483647;
			files = (
			);
			runOnlyForDeploymentPostprocessing = 0;
		};
/* End PBXFrameworksBuildPhase section */

/* Begin PBXGroup section */
		3F65AD6021C279600031381A = {
			isa = PBXGroup;
			children = (
				3F65AD6B21C279600031381A /* Sqlite */,
				3F65AD6A21C279600031381A /* Products */,
			);
			sourceTree = "<group>";
		};
		3F65AD6A21C279600031381A /* Products */ = {
			isa = PBXGroup;
			children = (
				3F65AD6921C279600031381A /* Sqlite.app */,
			);
			name = Products;
			sourceTree = "<group>";
		};
		3F65AD6B21C279600031381A /* Sqlite */ = {
			isa = PBXGroup;
			children = (
				3F65AD8A21C27DAB0031381A /* DB */,
				3F65AD6C21C279600031381A /* AppDelegate.swift */,
				3F65AD6E21C279600031381A /* ViewController.swift */,
				3F65AD7021C279600031381A /* Main.storyboard */,
				3F65AD7321C279610031381A /* Assets.xcassets */,
				3F65AD7521C279610031381A /* LaunchScreen.storyboard */,
				3F65AD7821C279610031381A /* Info.plist */,
			);
			path = Sqlite;
			sourceTree = "<group>";
		};
		3F65AD8A21C27DAB0031381A /* DB */ = {
			isa = PBXGroup;
			children = (
				3F65AD8D21C285850031381A /* data.db */,
				3F65AD7E21C27D020031381A /* Bridging-Header.h */,
				3F65AD8221C27D020031381A /* CloudDB.swift */,
				3F65AD8121C27D020031381A /* SQLiteBase.swift */,
				3F65AD8021C27D020031381A /* SQLiteDB.swift */,
				3F65AD7F21C27D020031381A /* SQLTable.swift */,
			);
			path = DB;
			sourceTree = "<group>";
		};
/* End PBXGroup section */

/* Begin PBXNativeTarget section */
		3F65AD6821C279600031381A /* Sqlite */ = {
			isa = PBXNativeTarget;
			buildConfigurationList = 3F65AD7B21C279610031381A /* Build configuration list for PBXNativeTarget "Sqlite" */;
			buildPhases = (
				3F65AD6521C279600031381A /* Sources */,
				3F65AD6621C279600031381A /* Frameworks */,
				3F65AD6721C279600031381A /* Resources */,
			);
			buildRules = (
			);
			dependencies = (
			);
			name = Sqlite;
			productName = Sqlite;
			productReference = 3F65AD6921C279600031381A /* Sqlite.app */;
			productType = "com.apple.product-type.application";
		};
/* End PBXNativeTarget section */

/* Begin PBXProject section */
		3F65AD6121C279600031381A /* Project object */ = {
			isa = PBXProject;
			attributes = {
				LastSwiftUpdateCheck = 1010;
				LastUpgradeCheck = 1010;
				ORGANIZATIONNAME = heruili;
				TargetAttributes = {
					3F65AD6821C279600031381A = {
						CreatedOnToolsVersion = 10.1;
					};
				};
			};
			buildConfigurationList = 3F65AD6421C279600031381A /* Build configuration list for PBXProject "Sqlite" */;
			compatibilityVersion = "Xcode 9.3";
			developmentRegion = en;
			hasScannedForEncodings = 0;
			knownRegions = (
				en,
				Base,
			);
			mainGroup = 3F65AD6021C279600031381A;
			productRefGroup = 3F65AD6A21C279600031381A /* Products */;
			projectDirPath = "";
			projectRoot = "";
			targets = (
				3F65AD6821C279600031381A /* Sqlite */,
			);
		};
/* End PBXProject section */

/* Begin PBXResourcesBuildPhase section */
		3F65AD6721C279600031381A /* Resources */ = {
			isa = PBXResourcesBuildPhase;
			buildActionMask = 2147483647;
			files = (
				3F65AD7721C279610031381A /* LaunchScreen.storyboard in Resources */,
				3F65AD8E21C285850031381A /* data.db in Resources */,
				3F65AD7421C279610031381A /* Assets.xcassets in Resources */,
				3F65AD7221C279600031381A /* Main.storyboard in Resources */,
			);
			runOnlyForDeploymentPostprocessing = 0;
		};
/* End PBXResourcesBuildPhase section */

/* Begin PBXSourcesBuildPhase section */
		3F65AD6521C279600031381A /* Sources */ = {
			isa = PBXSourcesBuildPhase;
			buildActionMask = 2147483647;
			files = (
				3F65AD6F21C279600031381A /* ViewController.swift in Sources */,
				3F65AD8521C27D020031381A /* SQLiteBase.swift in Sources */,
				3F65AD8421C27D020031381A /* SQLiteDB.swift in Sources */,
				3F65AD6D21C279600031381A /* AppDelegate.swift in Sources */,
				3F65AD8321C27D020031381A /* SQLTable.swift in Sources */,
				3F65AD8621C27D020031381A /* CloudDB.swift in Sources */,
			);
			runOnlyForDeploymentPostprocessing = 0;
		};
/* End PBXSourcesBuildPhase section */

/* Begin PBXVariantGroup section */
		3F65AD7021C279600031381A /* Main.storyboard */ = {
			isa = PBXVariantGroup;
			children = (
				3F65AD7121C279600031381A /* Base */,
			);
			name = Main.storyboard;
			sourceTree = "<group>";
		};
		3F65AD7521C279610031381A /* LaunchScreen.storyboard */ = {
			isa = PBXVariantGroup;
			children = (
				3F65AD7621C279610031381A /* Base */,
			);
			name = LaunchScreen.storyboard;
			sourceTree = "<group>";
		};
/* End PBXVariantGroup section */

/* Begin XCBuildConfiguration section */
		3F65AD7921C279610031381A /* Debug */ = {
			isa = XCBuildConfiguration;
			buildSettings = {
				ALWAYS_SEARCH_USER_PATHS = NO;
				CLANG_ANALYZER_NONNULL = YES;
				CLANG_ANALYZER_NUMBER_OBJECT_CONVERSION = YES_AGGRESSIVE;
				CLANG_CXX_LANGUAGE_STANDARD = "gnu++14";
				CLANG_CXX_LIBRARY = "libc++";
				CLANG_ENABLE_MODULES = YES;
				CLANG_ENABLE_OBJC_ARC = YES;
				CLANG_ENABLE_OBJC_WEAK = YES;
				CLANG_WARN_BLOCK_CAPTURE_AUTORELEASING = YES;
				CLANG_WARN_BOOL_CONVERSION = YES;
				CLANG_WARN_COMMA = YES;
				CLANG_WARN_CONSTANT_CONVERSION = YES;
				CLANG_WARN_DEPRECATED_OBJC_IMPLEMENTATIONS = YES;
				CLANG_WARN_DIRECT_OBJC_ISA_USAGE = YES_ERROR;
				CLANG_WARN_DOCUMENTATION_COMMENTS = YES;
				CLANG_WARN_EMPTY_BODY = YES;
				CLANG_WARN_ENUM_CONVERSION = YES;
				CLANG_WARN_INFINITE_RECURSION = YES;
				CLANG_WARN_INT_CONVERSION = YES;
				CLANG_WARN_NON_LITERAL_NULL_CONVERSION = YES;
				CLANG_WARN_OBJC_IMPLICIT_RETAIN_SELF = YES;
				CLANG_WARN_OBJC_LITERAL_CONVERSION = YES;
				CLANG_WARN_OBJC_ROOT_CLASS = YES_ERROR;
				CLANG_WARN_RANGE_LOOP_ANALYSIS = YES;
				CLANG_WARN_STRICT_PROTOTYPES = YES;
				CLANG_WARN_SUSPICIOUS_MOVE = YES;
				CLANG_WARN_UNGUARDED_AVAILABILITY = YES_AGGRESSIVE;
				CLANG_WARN_UNREACHABLE_CODE = YES;
				CLANG_WARN__DUPLICATE_METHOD_MATCH = YES;
				CODE_SIGN_IDENTITY = "iPhone Developer";
				COPY_PHASE_STRIP = NO;
				DEBUG_INFORMATION_FORMAT = dwarf;
				ENABLE_STRICT_OBJC_MSGSEND = YES;
				ENABLE_TESTABILITY = YES;
				GCC_C_LANGUAGE_STANDARD = gnu11;
				GCC_DYNAMIC_NO_PIC = NO;
				GCC_NO_COMMON_BLOCKS = YES;
				GCC_OPTIMIZATION_LEVEL = 0;
				GCC_PREPROCESSOR_DEFINITIONS = (
					"DEBUG=1",
					"$(inherited)",
				);
				GCC_WARN_64_TO_32_BIT_CONVERSION = YES;
				GCC_WARN_ABOUT_RETURN_TYPE = YES_ERROR;
				GCC_WARN_UNDECLARED_SELECTOR = YES;
				GCC_WARN_UNINITIALIZED_AUTOS = YES_AGGRESSIVE;
				GCC_WARN_UNUSED_FUNCTION = YES;
				GCC_WARN_UNUSED_VARIABLE = YES;
				IPHONEOS_DEPLOYMENT_TARGET = 12.1;
				MTL_ENABLE_DEBUG_INFO = INCLUDE_SOURCE;
				MTL_FAST_MATH = YES;
				ONLY_ACTIVE_ARCH = YES;
				SDKROOT = iphoneos;
				SWIFT_ACTIVE_COMPILATION_CONDITIONS = DEBUG;
				SWIFT_OPTIMIZATION_LEVEL = "-Onone";
			};
			name = Debug;
		};
		3F65AD7A21C279610031381A /* Release */ = {
			isa = XCBuildConfiguration;
			buildSettings = {
				ALWAYS_SEARCH_USER_PATHS = NO;
				CLANG_ANALYZER_NONNULL = YES;
				CLANG_ANALYZER_NUMBER_OBJECT_CONVERSION = YES_AGGRESSIVE;
				CLANG_CXX_LANGUAGE_STANDARD = "gnu++14";
				CLANG_CXX_LIBRARY = "libc++";
				CLANG_ENABLE_MODULES = YES;
				CLANG_ENABLE_OBJC_ARC = YES;
				CLANG_ENABLE_OBJC_WEAK = YES;
				CLANG_WARN_BLOCK_CAPTURE_AUTORELEASING = YES;
				CLANG_WARN_BOOL_CONVERSION = YES;
				CLANG_WARN_COMMA = YES;
				CLANG_WARN_CONSTANT_CONVERSION = YES;
				CLANG_WARN_DEPRECATED_OBJC_IMPLEMENTATIONS = YES;
				CLANG_WARN_DIRECT_OBJC_ISA_USAGE = YES_ERROR;
				CLANG_WARN_DOCUMENTATION_COMMENTS = YES;
				CLANG_WARN_EMPTY_BODY = YES;
				CLANG_WARN_ENUM_CONVERSION = YES;
				CLANG_WARN_INFINITE_RECURSION = YES;
				CLANG_WARN_INT_CONVERSION = YES;
				CLANG_WARN_NON_LITERAL_NULL_CONVERSION = YES;
				CLANG_WARN_OBJC_IMPLICIT_RETAIN_SELF = YES;
				CLANG_WARN_OBJC_LITERAL_CONVERSION = YES;
				CLANG_WARN_OBJC_ROOT_CLASS = YES_ERROR;
				CLANG_WARN_RANGE_LOOP_ANALYSIS = YES;
				CLANG_WARN_STRICT_PROTOTYPES = YES;
				CLANG_WARN_SUSPICIOUS_MOVE = YES;
				CLANG_WARN_UNGUARDED_AVAILABILITY = YES_AGGRESSIVE;
				CLANG_WARN_UNREACHABLE_CODE = YES;
				CLANG_WARN__DUPLICATE_METHOD_MATCH = YES;
				CODE_SIGN_IDENTITY = "iPhone Developer";
				COPY_PHASE_STRIP = NO;
				DEBUG_INFORMATION_FORMAT = "dwarf-with-dsym";
				ENABLE_NS_ASSERTIONS = NO;
				ENABLE_STRICT_OBJC_MSGSEND = YES;
				GCC_C_LANGUAGE_STANDARD = gnu11;
				GCC_NO_COMMON_BLOCKS = YES;
				GCC_WARN_64_TO_32_BIT_CONVERSION = YES;
				GCC_WARN_ABOUT_RETURN_TYPE = YES_ERROR;
				GCC_WARN_UNDECLARED_SELECTOR = YES;
				GCC_WARN_UNINITIALIZED_AUTOS = YES_AGGRESSIVE;
				GCC_WARN_UNUSED_FUNCTION = YES;
				GCC_WARN_UNUSED_VARIABLE = YES;
				IPHONEOS_DEPLOYMENT_TARGET = 12.1;
				MTL_ENABLE_DEBUG_INFO = NO;
				MTL_FAST_MATH = YES;
				SDKROOT = iphoneos;
				SWIFT_COMPILATION_MODE = wholemodule;
				SWIFT_OPTIMIZATION_LEVEL = "-O";
				VALIDATE_PRODUCT = YES;
			};
			name = Release;
		};
		3F65AD7C21C279610031381A /* Debug */ = {
			isa = XCBuildConfiguration;
			buildSettings = {
				ASSETCATALOG_COMPILER_APPICON_NAME = AppIcon;
				CODE_SIGN_STYLE = Automatic;
				INFOPLIST_FILE = Sqlite/Info.plist;
				LD_RUNPATH_SEARCH_PATHS = (
					"$(inherited)",
					"@executable_path/Frameworks",
				);
				PRODUCT_BUNDLE_IDENTIFIER = "-016110311.Sqlite";
				PRODUCT_NAME = "$(TARGET_NAME)";
				SWIFT_OBJC_BRIDGING_HEADER = "Sqlite/DB/Bridging-Header.h";
				SWIFT_VERSION = 4.2;
				TARGETED_DEVICE_FAMILY = "1,2";
			};
			name = Debug;
		};
		3F65AD7D21C279610031381A /* Release */ = {
			isa = XCBuildConfiguration;
			buildSettings = {
				ASSETCATALOG_COMPILER_APPICON_NAME = AppIcon;
				CODE_SIGN_STYLE = Automatic;
				INFOPLIST_FILE = Sqlite/Info.plist;
				LD_RUNPATH_SEARCH_PATHS = (
					"$(inherited)",
					"@executable_path/Frameworks",
				);
				PRODUCT_BUNDLE_IDENTIFIER = "-016110311.Sqlite";
				PRODUCT_NAME = "$(TARGET_NAME)";
				SWIFT_OBJC_BRIDGING_HEADER = "Sqlite/DB/Bridging-Header.h";
				SWIFT_VERSION = 4.2;
				TARGETED_DEVICE_FAMILY = "1,2";
			};
			name = Release;
		};
/* End XCBuildConfiguration section */

/* Begin XCConfigurationList section */
		3F65AD6421C279600031381A /* Build configuration list for PBXProject "Sqlite" */ = {
			isa = XCConfigurationList;
			buildConfigurations = (
				3F65AD7921C279610031381A /* Debug */,
				3F65AD7A21C279610031381A /* Release */,
			);
			defaultConfigurationIsVisible = 0;
			defaultConfigurationName = Release;
		};
		3F65AD7B21C279610031381A /* Build configuration list for PBXNativeTarget "Sqlite" */ = {
			isa = XCConfigurationList;
			buildConfigurations = (
				3F65AD7C21C279610031381A /* Debug */,
				3F65AD7D21C279610031381A /* Release */,
			);
			defaultConfigurationIsVisible = 0;
			defaultConfigurationName = Release;
		};
/* End XCConfigurationList section */
	};
	rootObject = 3F65AD6121C279600031381A /* Project object */;
}
